
Microsoft Visual Studio Solution File, Format Version 11.00
# Visual Studio 2010
Project("{FAE04EC0-301F-11D3-BF4B-00C04F79EFBC}") = "Assembly-CSharp", "Assembly-CSharp.csproj", "{afa0ea61-b01c-9bd6-9868-74c91aa686d0}"
EndProject
Project("{FAE04EC0-301F-11D3-BF4B-00C04F79EFBC}") = "Assembly-CSharp-Editor", "Assembly-CSharp-Editor.csproj", "{90cac35b-184a-1ded-22a2-763c3da9c827}"
EndProject
Global
	GlobalSection(SolutionConfigurationPlatforms) = preSolution
		Debug|Any CPU = Debug|Any CPU
	EndGlobalSection
	GlobalSection(ProjectConfigurationPlatforms) = postSolution
		{afa0ea61-b01c-9bd6-9868-74c91aa686d0}.Debug|Any CPU.ActiveCfg = Debug|Any CPU
		{afa0ea61-b01c-9bd6-9868-74c91aa686d0}.Debug|Any CPU.Build.0 = Debug|Any CPU
		{90cac35b-184a-1ded-22a2-763c3da9c827}.Debug|Any CPU.ActiveCfg = Debug|Any CPU
		{90cac35b-184a-1ded-22a2-763c3da9c827}.Debug|Any CPU.Build.0 = Debug|Any CPU
	EndGlobalSection
	GlobalSection(SolutionProperties) = preSolution
		HideSolutionNode = FALSE
	EndGlobalSection
EndGlobal
